
Microsoft Visual Studio Solution File, Format Version 12.00
# Visual Studio 15
VisualStudioVersion = 15.0.28307.106
MinimumVisualStudioVersion = 10.0.40219.1
Project("{FAE04EC0-301F-11D3-BF4B-00C04F79EFBC}") = "14", "14\14.csproj", "{CC5436D4-F1A8-421D-AF06-B39F49B00AFB}"
EndProject
Global
	GlobalSection(SolutionConfigurationPlatforms) = preSolution
		Debug|Any CPU = Debug|Any CPU
		Release|Any CPU = Release|Any CPU
	EndGlobalSection
	GlobalSection(ProjectConfigurationPlatforms) = postSolution
		{CC5436D4-F1A8-421D-AF06-B39F49B00AFB}.Debug|Any CPU.ActiveCfg = Debug|Any CPU
		{CC5436D4-F1A8-421D-AF06-B39F49B00AFB}.Debug|Any CPU.Build.0 = Debug|Any CPU
		{CC5436D4-F1A8-421D-AF06-B39F49B00AFB}.Release|Any CPU.ActiveCfg = Release|Any CPU
		{CC5436D4-F1A8-421D-AF06-B39F49B00AFB}.Release|Any CPU.Build.0 = Release|Any CPU
	EndGlobalSection
	GlobalSection(SolutionProperties) = preSolution
		HideSolutionNode = FALSE
	EndGlobalSection
	GlobalSection(ExtensibilityGlobals) = postSolution
		SolutionGuid = {3889D18E-BB53-4AC5-86A6-2A983A2FD408}
	EndGlobalSection
EndGlobal
